
Microsoft Visual Studio Solution File, Format Version 12.00
# Visual Studio Version 16
VisualStudioVersion = 16.0.31624.102
MinimumVisualStudioVersion = 10.0.40219.1
Project("{FAE04EC0-301F-11D3-BF4B-00C04F79EFBC}") = "Stuck_In_A_Time_Loop", "Stuck_In_A_Time_Loop\Stuck_In_A_Time_Loop.csproj", "{0FC617B0-9D09-4470-A829-62B86117AEDB}"
EndProject
Global
	GlobalSection(SolutionConfigurationPlatforms) = preSolution
		Debug|Any CPU = Debug|Any CPU
		Release|Any CPU = Release|Any CPU
	EndGlobalSection
	GlobalSection(ProjectConfigurationPlatforms) = postSolution
		{0FC617B0-9D09-4470-A829-62B86117AEDB}.Debug|Any CPU.ActiveCfg = Debug|Any CPU
		{0FC617B0-9D09-4470-A829-62B86117AEDB}.Debug|Any CPU.Build.0 = Debug|Any CPU
		{0FC617B0-9D09-4470-A829-62B86117AEDB}.Release|Any CPU.ActiveCfg = Release|Any CPU
		{0FC617B0-9D09-4470-A829-62B86117AEDB}.Release|Any CPU.Build.0 = Release|Any CPU
	EndGlobalSection
	GlobalSection(SolutionProperties) = preSolution
		HideSolutionNode = FALSE
	EndGlobalSection
	GlobalSection(ExtensibilityGlobals) = postSolution
		SolutionGuid = {449301CD-073A-4EFB-9D2A-C7B3EDE44B85}
	EndGlobalSection
EndGlobal
